// !$*UTF8*$!
{
	archiveVersion = 1;
	classes = {
	};
	objectVersion = 77;
	objects = {

/* Begin PBXContainerItemProxy section */
		B60464802DF7B2A80027F8FE /* PBXContainerItemProxy */ = {
			isa = PBXContainerItemProxy;
			containerPortal = B604646A2DF7B2A60027F8FE /* Project object */;
			proxyType = 1;
			remoteGlobalIDString = B60464712DF7B2A60027F8FE;
			remoteInfo = OClock;
		};
		B604648A2DF7B2A80027F8FE /* PBXContainerItemProxy */ = {
			isa = PBXContainerItemProxy;
			containerPortal = B604646A2DF7B2A60027F8FE /* Project object */;
			proxyType = 1;
			remoteGlobalIDString = B60464712DF7B2A60027F8FE;
			remoteInfo = OClock;
		};
/* End PBXContainerItemProxy section */

/* Begin PBXFileReference section */
		B60464722DF7B2A60027F8FE /* OClock.app */ = {isa = PBXFileReference; explicitFileType = wrapper.application; includeInIndex = 0; path = OClock.app; sourceTree = BUILT_PRODUCTS_DIR; };
		B604647F2DF7B2A80027F8FE /* OClockTests.xctest */ = {isa = PBXFileReference; explicitFileType = wrapper.cfbundle; includeInIndex = 0; path = OClockTests.xctest; sourceTree = BUILT_PRODUCTS_DIR; };
		B60464892DF7B2A80027F8FE /* OClockUITests.xctest */ = {isa = PBXFileReference; explicitFileType = wrapper.cfbundle; includeInIndex = 0; path = OClockUITests.xctest; sourceTree = BUILT_PRODUCTS_DIR; };
/* End PBXFileReference section */

/* Begin PBXFileSystemSynchronizedRootGroup section */
		B60464742DF7B2A60027F8FE /* OClock */ = {
			isa = PBXFileSystemSynchronizedRootGroup;
			path = OClock;
			sourceTree = "<group>";
		};
		B60464822DF7B2A80027F8FE /* OClockTests */ = {
			isa = PBXFileSystemSynchronizedRootGroup;
			path = OClockTests;
			sourceTree = "<group>";
		};
		B604648C2DF7B2A80027F8FE /* OClockUITests */ = {
			isa = PBXFileSystemSynchronizedRootGroup;
			path = OClockUITests;
			sourceTree = "<group>";
		};
/* End PBXFileSystemSynchronizedRootGroup section */

/* Begin PBXFrameworksBuildPhase section */
		B604646F2DF7B2A60027F8FE /* Frameworks */ = {
			isa = PBXFrameworksBuildPhase;
			buildActionMask = 2147483647;
			files = (
			);
			runOnlyForDeploymentPostprocessing = 0;
		};
		B604647C2DF7B2A80027F8FE /* Frameworks */ = {
			isa = PBXFrameworksBuildPhase;
			buildActionMask = 2147483647;
			files = (
			);
			runOnlyForDeploymentPostprocessing = 0;
		};
		B60464862DF7B2A80027F8FE /* Frameworks */ = {
			isa = PBXFrameworksBuildPhase;
			buildActionMask = 2147483647;
			files = (
			);
			runOnlyForDeploymentPostprocessing = 0;
		};
/* End PBXFrameworksBuildPhase section */

/* Begin PBXGroup section */
		B60464692DF7B2A60027F8FE = {
			isa = PBXGroup;
			children = (
				B60464742DF7B2A60027F8FE /* OClock */,
				B60464822DF7B2A80027F8FE /* OClockTests */,
				B604648C2DF7B2A80027F8FE /* OClockUITests */,
				B60464732DF7B2A60027F8FE /* Products */,
			);
			sourceTree = "<group>";
		};
		B60464732DF7B2A60027F8FE /* Products */ = {
			isa = PBXGroup;
			children = (
				B60464722DF7B2A60027F8FE /* OClock.app */,
				B604647F2DF7B2A80027F8FE /* OClockTests.xctest */,
				B60464892DF7B2A80027F8FE /* OClockUITests.xctest */,
			);
			name = Products;
			sourceTree = "<group>";
		};
/* End PBXGroup section */

/* Begin PBXNativeTarget section */
		B60464712DF7B2A60027F8FE /* OClock */ = {
			isa = PBXNativeTarget;
			buildConfigurationList = B60464932DF7B2A80027F8FE /* Build configuration list for PBXNativeTarget "OClock" */;
			buildPhases = (
				B604646E2DF7B2A60027F8FE /* Sources */,
				B604646F2DF7B2A60027F8FE /* Frameworks */,
				B60464702DF7B2A60027F8FE /* Resources */,
			);
			buildRules = (
			);
			dependencies = (
			);
			fileSystemSynchronizedGroups = (
				B60464742DF7B2A60027F8FE /* OClock */,
			);
			name = OClock;
			packageProductDependencies = (
			);
			productName = OClock;
			productReference = B60464722DF7B2A60027F8FE /* OClock.app */;
			productType = "com.apple.product-type.application";
		};
		B604647E2DF7B2A80027F8FE /* OClockTests */ = {
			isa = PBXNativeTarget;
			buildConfigurationList = B60464962DF7B2A80027F8FE /* Build configuration list for PBXNativeTarget "OClockTests" */;
			buildPhases = (
				B604647B2DF7B2A80027F8FE /* Sources */,
				B604647C2DF7B2A80027F8FE /* Frameworks */,
				B604647D2DF7B2A80027F8FE /* Resources */,
			);
			buildRules = (
			);
			dependencies = (
				B60464812DF7B2A80027F8FE /* PBXTargetDependency */,
			);
			fileSystemSynchronizedGroups = (
				B60464822DF7B2A80027F8FE /* OClockTests */,
			);
			name = OClockTests;
			packageProductDependencies = (
			);
			productName = OClockTests;
			productReference = B604647F2DF7B2A80027F8FE /* OClockTests.xctest */;
			productType = "com.apple.product-type.bundle.unit-test";
		};
		B60464882DF7B2A80027F8FE /* OClockUITests */ = {
			isa = PBXNativeTarget;
			buildConfigurationList = B60464992DF7B2A80027F8FE /* Build configuration list for PBXNativeTarget "OClockUITests" */;
			buildPhases = (
				B60464852DF7B2A80027F8FE /* Sources */,
				B60464862DF7B2A80027F8FE /* Frameworks */,
				B60464872DF7B2A80027F8FE /* Resources */,
			);
			buildRules = (
			);
			dependencies = (
				B604648B2DF7B2A80027F8FE /* PBXTargetDependency */,
			);
			fileSystemSynchronizedGroups = (
				B604648C2DF7B2A80027F8FE /* OClockUITests */,
			);
			name = OClockUITests;
			packageProductDependencies = (
			);
			productName = OClockUITests;
			productReference = B60464892DF7B2A80027F8FE /* OClockUITests.xctest */;
			productType = "com.apple.product-type.bundle.ui-testing";
		};
/* End PBXNativeTarget section */

/* Begin PBXProject section */
		B604646A2DF7B2A60027F8FE /* Project object */ = {
			isa = PBXProject;
			attributes = {
				BuildIndependentTargetsInParallel = 1;
				LastSwiftUpdateCheck = 1640;
				LastUpgradeCheck = 1640;
				TargetAttributes = {
					B60464712DF7B2A60027F8FE = {
						CreatedOnToolsVersion = 16.4;
					};
					B604647E2DF7B2A80027F8FE = {
						CreatedOnToolsVersion = 16.4;
						TestTargetID = B60464712DF7B2A60027F8FE;
					};
					B60464882DF7B2A80027F8FE = {
						CreatedOnToolsVersion = 16.4;
						TestTargetID = B60464712DF7B2A60027F8FE;
					};
				};
			};
			buildConfigurationList = B604646D2DF7B2A60027F8FE /* Build configuration list for PBXProject "OClock" */;
			developmentRegion = en;
			hasScannedForEncodings = 0;
			knownRegions = (
				en,
				Base,
			);
			mainGroup = B60464692DF7B2A60027F8FE;
			minimizedProjectReferenceProxies = 1;
			preferredProjectObjectVersion = 77;
			productRefGroup = B60464732DF7B2A60027F8FE /* Products */;
			projectDirPath = "";
			projectRoot = "";
			targets = (
				B60464712DF7B2A60027F8FE /* OClock */,
				B604647E2DF7B2A80027F8FE /* OClockTests */,
				B60464882DF7B2A80027F8FE /* OClockUITests */,
			);
		};
/* End PBXProject section */

/* Begin PBXResourcesBuildPhase section */
		B60464702DF7B2A60027F8FE /* Resources */ = {
			isa = PBXResourcesBuildPhase;
			buildActionMask = 2147483647;
			files = (
			);
			runOnlyForDeploymentPostprocessing = 0;
		};
		B604647D2DF7B2A80027F8FE /* Resources */ = {
			isa = PBXResourcesBuildPhase;
			buildActionMask = 2147483647;
			files = (
			);
			runOnlyForDeploymentPostprocessing = 0;
		};
		B60464872DF7B2A80027F8FE /* Resources */ = {
			isa = PBXResourcesBuildPhase;
			buildActionMask = 2147483647;
			files = (
			);
			runOnlyForDeploymentPostprocessing = 0;
		};
/* End PBXResourcesBuildPhase section */

/* Begin PBXSourcesBuildPhase section */
		B604646E2DF7B2A60027F8FE /* Sources */ = {
			isa = PBXSourcesBuildPhase;
			buildActionMask = 2147483647;
			files = (
			);
			runOnlyForDeploymentPostprocessing = 0;
		};
		B604647B2DF7B2A80027F8FE /* Sources */ = {
			isa = PBXSourcesBuildPhase;
			buildActionMask = 2147483647;
			files = (
			);
			runOnlyForDeploymentPostprocessing = 0;
		};
		B60464852DF7B2A80027F8FE /* Sources */ = {
			isa = PBXSourcesBuildPhase;
			buildActionMask = 2147483647;
			files = (
			);
			runOnlyForDeploymentPostprocessing = 0;
		};
/* End PBXSourcesBuildPhase section */

/* Begin PBXTargetDependency section */
		B60464812DF7B2A80027F8FE /* PBXTargetDependency */ = {
			isa = PBXTargetDependency;
			target = B60464712DF7B2A60027F8FE /* OClock */;
			targetProxy = B60464802DF7B2A80027F8FE /* PBXContainerItemProxy */;
		};
		B604648B2DF7B2A80027F8FE /* PBXTargetDependency */ = {
			isa = PBXTargetDependency;
			target = B60464712DF7B2A60027F8FE /* OClock */;
			targetProxy = B604648A2DF7B2A80027F8FE /* PBXContainerItemProxy */;
		};
/* End PBXTargetDependency section */

/* Begin XCBuildConfiguration section */
		B60464912DF7B2A80027F8FE /* Debug */ = {
			isa = XCBuildConfiguration;
			buildSettings = {
				ALWAYS_SEARCH_USER_PATHS = NO;
				ASSETCATALOG_COMPILER_GENERATE_SWIFT_ASSET_SYMBOL_EXTENSIONS = YES;
				CLANG_ANALYZER_NONNULL = YES;
				CLANG_ANALYZER_NUMBER_OBJECT_CONVERSION = YES_AGGRESSIVE;
				CLANG_CXX_LANGUAGE_STANDARD = "gnu++20";
				CLANG_ENABLE_MODULES = YES;
				CLANG_ENABLE_OBJC_ARC = YES;
				CLANG_ENABLE_OBJC_WEAK = YES;
				CLANG_WARN_BLOCK_CAPTURE_AUTORELEASING = YES;
				CLANG_WARN_BOOL_CONVERSION = YES;
				CLANG_WARN_COMMA = YES;
				CLANG_WARN_CONSTANT_CONVERSION = YES;
				CLANG_WARN_DEPRECATED_OBJC_IMPLEMENTATIONS = YES;
				CLANG_WARN_DIRECT_OBJC_ISA_USAGE = YES_ERROR;
				CLANG_WARN_DOCUMENTATION_COMMENTS = YES;
				CLANG_WARN_EMPTY_BODY = YES;
				CLANG_WARN_ENUM_CONVERSION = YES;
				CLANG_WARN_INFINITE_RECURSION = YES;
				CLANG_WARN_INT_CONVERSION = YES;
				CLANG_WARN_NON_LITERAL_NULL_CONVERSION = YES;
				CLANG_WARN_OBJC_IMPLICIT_RETAIN_SELF = YES;
				CLANG_WARN_OBJC_LITERAL_CONVERSION = YES;
				CLANG_WARN_OBJC_ROOT_CLASS = YES_ERROR;
				CLANG_WARN_QUOTED_INCLUDE_IN_FRAMEWORK_HEADER = YES;
				CLANG_WARN_RANGE_LOOP_ANALYSIS = YES;
				CLANG_WARN_STRICT_PROTOTYPES = YES;
				CLANG_WARN_SUSPICIOUS_MOVE = YES;
				CLANG_WARN_UNGUARDED_AVAILABILITY = YES_AGGRESSIVE;
				CLANG_WARN_UNREACHABLE_CODE = YES;
				CLANG_WARN__DUPLICATE_METHOD_MATCH = YES;
				COPY_PHASE_STRIP = NO;
				DEBUG_INFORMATION_FORMAT = dwarf;
				DEVELOPMENT_TEAM = LD73RX298R;
				ENABLE_STRICT_OBJC_MSGSEND = YES;
				ENABLE_TESTABILITY = YES;
				ENABLE_USER_SCRIPT_SANDBOXING = YES;
				GCC_C_LANGUAGE_STANDARD = gnu17;
				GCC_DYNAMIC_NO_PIC = NO;
				GCC_NO_COMMON_BLOCKS = YES;
				GCC_OPTIMIZATION_LEVEL = 0;
				GCC_PREPROCESSOR_DEFINITIONS = (
					"DEBUG=1",
					"$(inherited)",
				);
				GCC_WARN_64_TO_32_BIT_CONVERSION = YES;
				GCC_WARN_ABOUT_RETURN_TYPE = YES_ERROR;
				GCC_WARN_UNDECLARED_SELECTOR = YES;
				GCC_WARN_UNINITIALIZED_AUTOS = YES_AGGRESSIVE;
				GCC_WARN_UNUSED_FUNCTION = YES;
				GCC_WARN_UNUSED_VARIABLE = YES;
				LOCALIZATION_PREFERS_STRING_CATALOGS = YES;
				MTL_ENABLE_DEBUG_INFO = INCLUDE_SOURCE;
				MTL_FAST_MATH = YES;
				ONLY_ACTIVE_ARCH = YES;
				SDKROOT = appletvos;
				SWIFT_ACTIVE_COMPILATION_CONDITIONS = "DEBUG $(inherited)";
				SWIFT_OPTIMIZATION_LEVEL = "-Onone";
				TVOS_DEPLOYMENT_TARGET = 18.5;
			};
			name = Debug;
		};
		B60464922DF7B2A80027F8FE /* Release */ = {
			isa = XCBuildConfiguration;
			buildSettings = {
				ALWAYS_SEARCH_USER_PATHS = NO;
				ASSETCATALOG_COMPILER_GENERATE_SWIFT_ASSET_SYMBOL_EXTENSIONS = YES;
				CLANG_ANALYZER_NONNULL = YES;
				CLANG_ANALYZER_NUMBER_OBJECT_CONVERSION = YES_AGGRESSIVE;
				CLANG_CXX_LANGUAGE_STANDARD = "gnu++20";
				CLANG_ENABLE_MODULES = YES;
				CLANG_ENABLE_OBJC_ARC = YES;
				CLANG_ENABLE_OBJC_WEAK = YES;
				CLANG_WARN_BLOCK_CAPTURE_AUTORELEASING = YES;
				CLANG_WARN_BOOL_CONVERSION = YES;
				CLANG_WARN_COMMA = YES;
				CLANG_WARN_CONSTANT_CONVERSION = YES;
				CLANG_WARN_DEPRECATED_OBJC_IMPLEMENTATIONS = YES;
				CLANG_WARN_DIRECT_OBJC_ISA_USAGE = YES_ERROR;
				CLANG_WARN_DOCUMENTATION_COMMENTS = YES;
				CLANG_WARN_EMPTY_BODY = YES;
				CLANG_WARN_ENUM_CONVERSION = YES;
				CLANG_WARN_INFINITE_RECURSION = YES;
				CLANG_WARN_INT_CONVERSION = YES;
				CLANG_WARN_NON_LITERAL_NULL_CONVERSION = YES;
				CLANG_WARN_OBJC_IMPLICIT_RETAIN_SELF = YES;
				CLANG_WARN_OBJC_LITERAL_CONVERSION = YES;
				CLANG_WARN_OBJC_ROOT_CLASS = YES_ERROR;
				CLANG_WARN_QUOTED_INCLUDE_IN_FRAMEWORK_HEADER = YES;
				CLANG_WARN_RANGE_LOOP_ANALYSIS = YES;
				CLANG_WARN_STRICT_PROTOTYPES = YES;
				CLANG_WARN_SUSPICIOUS_MOVE = YES;
				CLANG_WARN_UNGUARDED_AVAILABILITY = YES_AGGRESSIVE;
				CLANG_WARN_UNREACHABLE_CODE = YES;
				CLANG_WARN__DUPLICATE_METHOD_MATCH = YES;
				COPY_PHASE_STRIP = NO;
				DEBUG_INFORMATION_FORMAT = "dwarf-with-dsym";
				DEVELOPMENT_TEAM = LD73RX298R;
				ENABLE_NS_ASSERTIONS = NO;
				ENABLE_STRICT_OBJC_MSGSEND = YES;
				ENABLE_USER_SCRIPT_SANDBOXING = YES;
				GCC_C_LANGUAGE_STANDARD = gnu17;
				GCC_NO_COMMON_BLOCKS = YES;
				GCC_WARN_64_TO_32_BIT_CONVERSION = YES;
				GCC_WARN_ABOUT_RETURN_TYPE = YES_ERROR;
				GCC_WARN_UNDECLARED_SELECTOR = YES;
				GCC_WARN_UNINITIALIZED_AUTOS = YES_AGGRESSIVE;
				GCC_WARN_UNUSED_FUNCTION = YES;
				GCC_WARN_UNUSED_VARIABLE = YES;
				LOCALIZATION_PREFERS_STRING_CATALOGS = YES;
				MTL_ENABLE_DEBUG_INFO = NO;
				MTL_FAST_MATH = YES;
				SDKROOT = appletvos;
				SWIFT_COMPILATION_MODE = wholemodule;
				TVOS_DEPLOYMENT_TARGET = 18.5;
				VALIDATE_PRODUCT = YES;
			};
			name = Release;
		};
		B60464942DF7B2A80027F8FE /* Debug */ = {
			isa = XCBuildConfiguration;
			buildSettings = {
				ASSETCATALOG_COMPILER_APPICON_NAME = "App Icon & Top Shelf Image";
				ASSETCATALOG_COMPILER_GLOBAL_ACCENT_COLOR_NAME = AccentColor;
				CODE_SIGN_STYLE = Automatic;
				CURRENT_PROJECT_VERSION = 1;
				DEVELOPMENT_TEAM = LD73RX298R;
				ENABLE_PREVIEWS = YES;
				GENERATE_INFOPLIST_FILE = YES;
				INFOPLIST_KEY_UILaunchScreen_Generation = YES;
				INFOPLIST_KEY_UIUserInterfaceStyle = Automatic;
				LD_RUNPATH_SEARCH_PATHS = (
					"$(inherited)",
					"@executable_path/Frameworks",
				);
				MARKETING_VERSION = 1.0.0;
				PRODUCT_BUNDLE_IDENTIFIER = "com.cool-element.OClock";
				PRODUCT_NAME = "$(TARGET_NAME)";
				SWIFT_EMIT_LOC_STRINGS = YES;
				SWIFT_VERSION = 5.0;
				TARGETED_DEVICE_FAMILY = 3;
				TVOS_DEPLOYMENT_TARGET = 17.6;
			};
			name = Debug;
		};
		B60464952DF7B2A80027F8FE /* Release */ = {
			isa = XCBuildConfiguration;
			buildSettings = {
				ASSETCATALOG_COMPILER_APPICON_NAME = "App Icon & Top Shelf Image";
				ASSETCATALOG_COMPILER_GLOBAL_ACCENT_COLOR_NAME = AccentColor;
				CODE_SIGN_STYLE = Automatic;
				CURRENT_PROJECT_VERSION = 1;
				DEVELOPMENT_TEAM = LD73RX298R;
				ENABLE_PREVIEWS = YES;
				GENERATE_INFOPLIST_FILE = YES;
				INFOPLIST_KEY_UILaunchScreen_Generation = YES;
				INFOPLIST_KEY_UIUserInterfaceStyle = Automatic;
				LD_RUNPATH_SEARCH_PATHS = (
					"$(inherited)",
					"@executable_path/Frameworks",
				);
				MARKETING_VERSION = 1.0.0;
				PRODUCT_BUNDLE_IDENTIFIER = "com.cool-element.OClock";
				PRODUCT_NAME = "$(TARGET_NAME)";
				SWIFT_EMIT_LOC_STRINGS = YES;
				SWIFT_VERSION = 5.0;
				TARGETED_DEVICE_FAMILY = 3;
				TVOS_DEPLOYMENT_TARGET = 17.6;
			};
			name = Release;
		};
		B60464972DF7B2A80027F8FE /* Debug */ = {
			isa = XCBuildConfiguration;
			buildSettings = {
				BUNDLE_LOADER = "$(TEST_HOST)";
				CODE_SIGN_STYLE = Automatic;
				CURRENT_PROJECT_VERSION = 1;
				DEVELOPMENT_TEAM = LD73RX298R;
				GENERATE_INFOPLIST_FILE = YES;
				MARKETING_VERSION = 1.0;
				PRODUCT_BUNDLE_IDENTIFIER = "com.cool-element.OClockTests";
				PRODUCT_NAME = "$(TARGET_NAME)";
				SWIFT_EMIT_LOC_STRINGS = NO;
				SWIFT_VERSION = 5.0;
				TARGETED_DEVICE_FAMILY = 3;
				TEST_HOST = "$(BUILT_PRODUCTS_DIR)/OClock.app/$(BUNDLE_EXECUTABLE_FOLDER_PATH)/OClock";
				TVOS_DEPLOYMENT_TARGET = 18.5;
			};
			name = Debug;
		};
		B60464982DF7B2A80027F8FE /* Release */ = {
			isa = XCBuildConfiguration;
			buildSettings = {
				BUNDLE_LOADER = "$(TEST_HOST)";
				CODE_SIGN_STYLE = Automatic;
				CURRENT_PROJECT_VERSION = 1;
				DEVELOPMENT_TEAM = LD73RX298R;
				GENERATE_INFOPLIST_FILE = YES;
				MARKETING_VERSION = 1.0;
				PRODUCT_BUNDLE_IDENTIFIER = "com.cool-element.OClockTests";
				PRODUCT_NAME = "$(TARGET_NAME)";
				SWIFT_EMIT_LOC_STRINGS = NO;
				SWIFT_VERSION = 5.0;
				TARGETED_DEVICE_FAMILY = 3;
				TEST_HOST = "$(BUILT_PRODUCTS_DIR)/OClock.app/$(BUNDLE_EXECUTABLE_FOLDER_PATH)/OClock";
				TVOS_DEPLOYMENT_TARGET = 18.5;
			};
			name = Release;
		};
		B604649A2DF7B2A80027F8FE /* Debug */ = {
			isa = XCBuildConfiguration;
			buildSettings = {
				CODE_SIGN_STYLE = Automatic;
				CURRENT_PROJECT_VERSION = 1;
				DEVELOPMENT_TEAM = LD73RX298R;
				GENERATE_INFOPLIST_FILE = YES;
				MARKETING_VERSION = 1.0;
				PRODUCT_BUNDLE_IDENTIFIER = "com.cool-element.OClockUITests";
				PRODUCT_NAME = "$(TARGET_NAME)";
				SWIFT_EMIT_LOC_STRINGS = NO;
				SWIFT_VERSION = 5.0;
				TARGETED_DEVICE_FAMILY = 3;
				TEST_TARGET_NAME = OClock;
			};
			name = Debug;
		};
		B604649B2DF7B2A80027F8FE /* Release */ = {
			isa = XCBuildConfiguration;
			buildSettings = {
				CODE_SIGN_STYLE = Automatic;
				CURRENT_PROJECT_VERSION = 1;
				DEVELOPMENT_TEAM = LD73RX298R;
				GENERATE_INFOPLIST_FILE = YES;
				MARKETING_VERSION = 1.0;
				PRODUCT_BUNDLE_IDENTIFIER = "com.cool-element.OClockUITests";
				PRODUCT_NAME = "$(TARGET_NAME)";
				SWIFT_EMIT_LOC_STRINGS = NO;
				SWIFT_VERSION = 5.0;
				TARGETED_DEVICE_FAMILY = 3;
				TEST_TARGET_NAME = OClock;
			};
			name = Release;
		};
/* End XCBuildConfiguration section */

/* Begin XCConfigurationList section */
		B604646D2DF7B2A60027F8FE /* Build configuration list for PBXProject "OClock" */ = {
			isa = XCConfigurationList;
			buildConfigurations = (
				B60464912DF7B2A80027F8FE /* Debug */,
				B60464922DF7B2A80027F8FE /* Release */,
			);
			defaultConfigurationIsVisible = 0;
			defaultConfigurationName = Release;
		};
		B60464932DF7B2A80027F8FE /* Build configuration list for PBXNativeTarget "OClock" */ = {
			isa = XCConfigurationList;
			buildConfigurations = (
				B60464942DF7B2A80027F8FE /* Debug */,
				B60464952DF7B2A80027F8FE /* Release */,
			);
			defaultConfigurationIsVisible = 0;
			defaultConfigurationName = Release;
		};
		B60464962DF7B2A80027F8FE /* Build configuration list for PBXNativeTarget "OClockTests" */ = {
			isa = XCConfigurationList;
			buildConfigurations = (
				B60464972DF7B2A80027F8FE /* Debug */,
				B60464982DF7B2A80027F8FE /* Release */,
			);
			defaultConfigurationIsVisible = 0;
			defaultConfigurationName = Release;
		};
		B60464992DF7B2A80027F8FE /* Build configuration list for PBXNativeTarget "OClockUITests" */ = {
			isa = XCConfigurationList;
			buildConfigurations = (
				B604649A2DF7B2A80027F8FE /* Debug */,
				B604649B2DF7B2A80027F8FE /* Release */,
			);
			defaultConfigurationIsVisible = 0;
			defaultConfigurationName = Release;
		};
/* End XCConfigurationList section */
	};
	rootObject = B604646A2DF7B2A60027F8FE /* Project object */;
}
